
Microsoft Visual Studio Solution File, Format Version 11.00
# Visual Studio 2010
Project("{FAE04EC0-301F-11D3-BF4B-00C04F79EFBC}") = "AR Meme Walk", "Assembly-CSharp.csproj", "{EEA8B289-DB94-B223-5629-9BD5DDC5DBF6}"
EndProject
Project("{FAE04EC0-301F-11D3-BF4B-00C04F79EFBC}") = "AR Meme Walk", "Assembly-CSharp-Editor.csproj", "{1495B788-FB8B-CAD9-7F9F-9851F6E913FB}"
EndProject
Global
	GlobalSection(SolutionConfigurationPlatforms) = preSolution
		Debug|Any CPU = Debug|Any CPU
		Release|Any CPU = Release|Any CPU
	EndGlobalSection
	GlobalSection(ProjectConfigurationPlatforms) = postSolution
		{EEA8B289-DB94-B223-5629-9BD5DDC5DBF6}.Debug|Any CPU.ActiveCfg = Debug|Any CPU
		{EEA8B289-DB94-B223-5629-9BD5DDC5DBF6}.Debug|Any CPU.Build.0 = Debug|Any CPU
		{EEA8B289-DB94-B223-5629-9BD5DDC5DBF6}.Release|Any CPU.ActiveCfg = Release|Any CPU
		{EEA8B289-DB94-B223-5629-9BD5DDC5DBF6}.Release|Any CPU.Build.0 = Release|Any CPU
		{1495B788-FB8B-CAD9-7F9F-9851F6E913FB}.Debug|Any CPU.ActiveCfg = Debug|Any CPU
		{1495B788-FB8B-CAD9-7F9F-9851F6E913FB}.Debug|Any CPU.Build.0 = Debug|Any CPU
		{1495B788-FB8B-CAD9-7F9F-9851F6E913FB}.Release|Any CPU.ActiveCfg = Release|Any CPU
		{1495B788-FB8B-CAD9-7F9F-9851F6E913FB}.Release|Any CPU.Build.0 = Release|Any CPU
	EndGlobalSection
	GlobalSection(SolutionProperties) = preSolution
		HideSolutionNode = FALSE
	EndGlobalSection
	GlobalSection(MonoDevelopProperties) = preSolution
		StartupItem = Assembly-CSharp.csproj
	EndGlobalSection
EndGlobal
